
Microsoft Visual Studio Solution File, Format Version 11.00
# Visual Studio 2010
Project("{FAE04EC0-301F-11D3-BF4B-00C04F79EFBC}") = "Assembly-CSharp", "Assembly-CSharp.csproj", "{012f703b-395d-05a0-5ab1-13254af9ddbe}"
EndProject
Global
	GlobalSection(SolutionConfigurationPlatforms) = preSolution
		Debug|Any CPU = Debug|Any CPU
		Release|Any CPU = Release|Any CPU
	EndGlobalSection
	GlobalSection(ProjectConfigurationPlatforms) = postSolution
		{012f703b-395d-05a0-5ab1-13254af9ddbe}.Debug|Any CPU.ActiveCfg = Debug|Any CPU
		{012f703b-395d-05a0-5ab1-13254af9ddbe}.Debug|Any CPU.Build.0 = Debug|Any CPU
		{012f703b-395d-05a0-5ab1-13254af9ddbe}.Release|Any CPU.ActiveCfg = Release|Any CPU
		{012f703b-395d-05a0-5ab1-13254af9ddbe}.Release|Any CPU.Build.0 = Release|Any CPU
	EndGlobalSection
	GlobalSection(SolutionProperties) = preSolution
		HideSolutionNode = FALSE
	EndGlobalSection
EndGlobal
